// !$*UTF8*$!
{
	archiveVersion = 1;
	classes = {
	};
	objectVersion = 56;
	objects = {

/* Begin PBXBuildFile section */
		3BF467E32BAD8CBF00184505 /* ThreadsCloneApp.swift in Sources */ = {isa = PBXBuildFile; fileRef = 3BF467E22BAD8CBF00184505 /* ThreadsCloneApp.swift */; };
		3BF467E52BAD8CBF00184505 /* ContentView.swift in Sources */ = {isa = PBXBuildFile; fileRef = 3BF467E42BAD8CBF00184505 /* ContentView.swift */; };
		3BF467E72BAD8CC000184505 /* Assets.xcassets in Resources */ = {isa = PBXBuildFile; fileRef = 3BF467E62BAD8CC000184505 /* Assets.xcassets */; };
		3BF467EA2BAD8CC000184505 /* Preview Assets.xcassets in Resources */ = {isa = PBXBuildFile; fileRef = 3BF467E92BAD8CC000184505 /* Preview Assets.xcassets */; };
		3BF467FF2BAE05B700184505 /* LoginView.swift in Sources */ = {isa = PBXBuildFile; fileRef = 3BF467FE2BAE05B700184505 /* LoginView.swift */; };
		3BF468012BAF1FA400184505 /* RegistrationView.swift in Sources */ = {isa = PBXBuildFile; fileRef = 3BF468002BAF1FA400184505 /* RegistrationView.swift */; };
		3BF468042BAF24DB00184505 /* ThreadsTextFieldModifier.swift in Sources */ = {isa = PBXBuildFile; fileRef = 3BF468032BAF24DB00184505 /* ThreadsTextFieldModifier.swift */; };
		3BF468072BAF2CBB00184505 /* ThreadsTabView.swift in Sources */ = {isa = PBXBuildFile; fileRef = 3BF468062BAF2CBB00184505 /* ThreadsTabView.swift */; };
		3BF4680B2BAF33F800184505 /* FeedView.swift in Sources */ = {isa = PBXBuildFile; fileRef = 3BF4680A2BAF33F800184505 /* FeedView.swift */; };
		3BF4680F2BAF346D00184505 /* ExploreView.swift in Sources */ = {isa = PBXBuildFile; fileRef = 3BF4680E2BAF346D00184505 /* ExploreView.swift */; };
		3BF468132BAF34B200184505 /* CreateThreadView.swift in Sources */ = {isa = PBXBuildFile; fileRef = 3BF468122BAF34B200184505 /* CreateThreadView.swift */; };
		3BF468172BAF34EC00184505 /* ActivityView.swift in Sources */ = {isa = PBXBuildFile; fileRef = 3BF468162BAF34EC00184505 /* ActivityView.swift */; };
		3BF4681B2BAF350A00184505 /* ProfileView.swift in Sources */ = {isa = PBXBuildFile; fileRef = 3BF4681A2BAF350A00184505 /* ProfileView.swift */; };
/* End PBXBuildFile section */

/* Begin PBXFileReference section */
		3BF467DF2BAD8CBF00184505 /* ThreadsClone.app */ = {isa = PBXFileReference; explicitFileType = wrapper.application; includeInIndex = 0; path = ThreadsClone.app; sourceTree = BUILT_PRODUCTS_DIR; };
		3BF467E22BAD8CBF00184505 /* ThreadsCloneApp.swift */ = {isa = PBXFileReference; lastKnownFileType = sourcecode.swift; path = ThreadsCloneApp.swift; sourceTree = "<group>"; };
		3BF467E42BAD8CBF00184505 /* ContentView.swift */ = {isa = PBXFileReference; lastKnownFileType = sourcecode.swift; path = ContentView.swift; sourceTree = "<group>"; };
		3BF467E62BAD8CC000184505 /* Assets.xcassets */ = {isa = PBXFileReference; lastKnownFileType = folder.assetcatalog; path = Assets.xcassets; sourceTree = "<group>"; };
		3BF467E92BAD8CC000184505 /* Preview Assets.xcassets */ = {isa = PBXFileReference; lastKnownFileType = folder.assetcatalog; path = "Preview Assets.xcassets"; sourceTree = "<group>"; };
		3BF467FE2BAE05B700184505 /* LoginView.swift */ = {isa = PBXFileReference; lastKnownFileType = sourcecode.swift; path = LoginView.swift; sourceTree = "<group>"; };
		3BF468002BAF1FA400184505 /* RegistrationView.swift */ = {isa = PBXFileReference; lastKnownFileType = sourcecode.swift; path = RegistrationView.swift; sourceTree = "<group>"; };
		3BF468032BAF24DB00184505 /* ThreadsTextFieldModifier.swift */ = {isa = PBXFileReference; lastKnownFileType = sourcecode.swift; path = ThreadsTextFieldModifier.swift; sourceTree = "<group>"; };
		3BF468062BAF2CBB00184505 /* ThreadsTabView.swift */ = {isa = PBXFileReference; lastKnownFileType = sourcecode.swift; path = ThreadsTabView.swift; sourceTree = "<group>"; };
		3BF4680A2BAF33F800184505 /* FeedView.swift */ = {isa = PBXFileReference; lastKnownFileType = sourcecode.swift; path = FeedView.swift; sourceTree = "<group>"; };
		3BF4680E2BAF346D00184505 /* ExploreView.swift */ = {isa = PBXFileReference; lastKnownFileType = sourcecode.swift; path = ExploreView.swift; sourceTree = "<group>"; };
		3BF468122BAF34B200184505 /* CreateThreadView.swift */ = {isa = PBXFileReference; lastKnownFileType = sourcecode.swift; path = CreateThreadView.swift; sourceTree = "<group>"; };
		3BF468162BAF34EC00184505 /* ActivityView.swift */ = {isa = PBXFileReference; lastKnownFileType = sourcecode.swift; path = ActivityView.swift; sourceTree = "<group>"; };
		3BF4681A2BAF350A00184505 /* ProfileView.swift */ = {isa = PBXFileReference; lastKnownFileType = sourcecode.swift; path = ProfileView.swift; sourceTree = "<group>"; };
/* End PBXFileReference section */

/* Begin PBXFrameworksBuildPhase section */
		3BF467DC2BAD8CBF00184505 /* Frameworks */ = {
			isa = PBXFrameworksBuildPhase;
			buildActionMask = 2147483647;
			files = (
			);
			runOnlyForDeploymentPostprocessing = 0;
		};
/* End PBXFrameworksBuildPhase section */

/* Begin PBXGroup section */
		3BF467D62BAD8CBF00184505 = {
			isa = PBXGroup;
			children = (
				3BF467E12BAD8CBF00184505 /* ThreadsClone */,
				3BF467E02BAD8CBF00184505 /* Products */,
			);
			sourceTree = "<group>";
		};
		3BF467E02BAD8CBF00184505 /* Products */ = {
			isa = PBXGroup;
			children = (
				3BF467DF2BAD8CBF00184505 /* ThreadsClone.app */,
			);
			name = Products;
			sourceTree = "<group>";
		};
		3BF467E12BAD8CBF00184505 /* ThreadsClone */ = {
			isa = PBXGroup;
			children = (
				3BF467F02BADFF2E00184505 /* App */,
				3BF467F62BADFF6400184505 /* Core */,
				3BF467F72BADFF7300184505 /* Extensions */,
				3BF467F92BADFF9100184505 /* Model */,
				3BF467FA2BADFF9B00184505 /* Services */,
				3BF467F82BADFF8400184505 /* Utils */,
				3BF467E62BAD8CC000184505 /* Assets.xcassets */,
				3BF467E82BAD8CC000184505 /* Preview Content */,
			);
			path = ThreadsClone;
			sourceTree = "<group>";
		};
		3BF467E82BAD8CC000184505 /* Preview Content */ = {
			isa = PBXGroup;
			children = (
				3BF467E92BAD8CC000184505 /* Preview Assets.xcassets */,
			);
			path = "Preview Content";
			sourceTree = "<group>";
		};
		3BF467F02BADFF2E00184505 /* App */ = {
			isa = PBXGroup;
			children = (
				3BF467E22BAD8CBF00184505 /* ThreadsCloneApp.swift */,
			);
			path = App;
			sourceTree = "<group>";
		};
		3BF467F62BADFF6400184505 /* Core */ = {
			isa = PBXGroup;
			children = (
				3BF468142BAF34D500184505 /* Activity */,
				3BF467FB2BAE056800184505 /* Authentication */,
				3BF4680C2BAF345900184505 /* Explore */,
				3BF468082BAF33E400184505 /* Feed */,
				3BF468182BAF34FB00184505 /* Profile */,
				3BF467FC2BAE057400184505 /* Root */,
				3BF468052BAF2C8100184505 /* TabBar */,
				3BF468102BAF349A00184505 /* ThreadCreation */,
			);
			path = Core;
			sourceTree = "<group>";
		};
		3BF467F72BADFF7300184505 /* Extensions */ = {
			isa = PBXGroup;
			children = (
			);
			path = Extensions;
			sourceTree = "<group>";
		};
		3BF467F82BADFF8400184505 /* Utils */ = {
			isa = PBXGroup;
			children = (
				3BF468022BAF24BA00184505 /* ViewModifiers */,
			);
			path = Utils;
			sourceTree = "<group>";
		};
		3BF467F92BADFF9100184505 /* Model */ = {
			isa = PBXGroup;
			children = (
			);
			path = Model;
			sourceTree = "<group>";
		};
		3BF467FA2BADFF9B00184505 /* Services */ = {
			isa = PBXGroup;
			children = (
			);
			path = Services;
			sourceTree = "<group>";
		};
		3BF467FB2BAE056800184505 /* Authentication */ = {
			isa = PBXGroup;
			children = (
				3BF467FD2BAE059E00184505 /* Views */,
			);
			path = Authentication;
			sourceTree = "<group>";
		};
		3BF467FC2BAE057400184505 /* Root */ = {
			isa = PBXGroup;
			children = (
				3BF467E42BAD8CBF00184505 /* ContentView.swift */,
			);
			path = Root;
			sourceTree = "<group>";
		};
		3BF467FD2BAE059E00184505 /* Views */ = {
			isa = PBXGroup;
			children = (
				3BF467FE2BAE05B700184505 /* LoginView.swift */,
				3BF468002BAF1FA400184505 /* RegistrationView.swift */,
			);
			path = Views;
			sourceTree = "<group>";
		};
		3BF468022BAF24BA00184505 /* ViewModifiers */ = {
			isa = PBXGroup;
			children = (
				3BF468032BAF24DB00184505 /* ThreadsTextFieldModifier.swift */,
			);
			path = ViewModifiers;
			sourceTree = "<group>";
		};
		3BF468052BAF2C8100184505 /* TabBar */ = {
			isa = PBXGroup;
			children = (
				3BF468062BAF2CBB00184505 /* ThreadsTabView.swift */,
			);
			path = TabBar;
			sourceTree = "<group>";
		};
		3BF468082BAF33E400184505 /* Feed */ = {
			isa = PBXGroup;
			children = (
				3BF468092BAF33EB00184505 /* View */,
			);
			path = Feed;
			sourceTree = "<group>";
		};
		3BF468092BAF33EB00184505 /* View */ = {
			isa = PBXGroup;
			children = (
				3BF4680A2BAF33F800184505 /* FeedView.swift */,
			);
			path = View;
			sourceTree = "<group>";
		};
		3BF4680C2BAF345900184505 /* Explore */ = {
			isa = PBXGroup;
			children = (
				3BF4680D2BAF345F00184505 /* View */,
			);
			path = Explore;
			sourceTree = "<group>";
		};
		3BF4680D2BAF345F00184505 /* View */ = {
			isa = PBXGroup;
			children = (
				3BF4680E2BAF346D00184505 /* ExploreView.swift */,
			);
			path = View;
			sourceTree = "<group>";
		};
		3BF468102BAF349A00184505 /* ThreadCreation */ = {
			isa = PBXGroup;
			children = (
				3BF468112BAF34A700184505 /* View */,
			);
			path = ThreadCreation;
			sourceTree = "<group>";
		};
		3BF468112BAF34A700184505 /* View */ = {
			isa = PBXGroup;
			children = (
				3BF468122BAF34B200184505 /* CreateThreadView.swift */,
			);
			path = View;
			sourceTree = "<group>";
		};
		3BF468142BAF34D500184505 /* Activity */ = {
			isa = PBXGroup;
			children = (
				3BF468152BAF34DB00184505 /* View */,
			);
			path = Activity;
			sourceTree = "<group>";
		};
		3BF468152BAF34DB00184505 /* View */ = {
			isa = PBXGroup;
			children = (
				3BF468162BAF34EC00184505 /* ActivityView.swift */,
			);
			path = View;
			sourceTree = "<group>";
		};
		3BF468182BAF34FB00184505 /* Profile */ = {
			isa = PBXGroup;
			children = (
				3BF468192BAF350200184505 /* View */,
			);
			path = Profile;
			sourceTree = "<group>";
		};
		3BF468192BAF350200184505 /* View */ = {
			isa = PBXGroup;
			children = (
				3BF4681A2BAF350A00184505 /* ProfileView.swift */,
			);
			path = View;
			sourceTree = "<group>";
		};
/* End PBXGroup section */

/* Begin PBXNativeTarget section */
		3BF467DE2BAD8CBF00184505 /* ThreadsClone */ = {
			isa = PBXNativeTarget;
			buildConfigurationList = 3BF467ED2BAD8CC000184505 /* Build configuration list for PBXNativeTarget "ThreadsClone" */;
			buildPhases = (
				3BF467DB2BAD8CBF00184505 /* Sources */,
				3BF467DC2BAD8CBF00184505 /* Frameworks */,
				3BF467DD2BAD8CBF00184505 /* Resources */,
			);
			buildRules = (
			);
			dependencies = (
			);
			name = ThreadsClone;
			productName = ThreadsClone;
			productReference = 3BF467DF2BAD8CBF00184505 /* ThreadsClone.app */;
			productType = "com.apple.product-type.application";
		};
/* End PBXNativeTarget section */

/* Begin PBXProject section */
		3BF467D72BAD8CBF00184505 /* Project object */ = {
			isa = PBXProject;
			attributes = {
				BuildIndependentTargetsInParallel = 1;
				LastSwiftUpdateCheck = 1530;
				LastUpgradeCheck = 1530;
				TargetAttributes = {
					3BF467DE2BAD8CBF00184505 = {
						CreatedOnToolsVersion = 15.3;
					};
				};
			};
			buildConfigurationList = 3BF467DA2BAD8CBF00184505 /* Build configuration list for PBXProject "ThreadsClone" */;
			compatibilityVersion = "Xcode 14.0";
			developmentRegion = en;
			hasScannedForEncodings = 0;
			knownRegions = (
				en,
				Base,
			);
			mainGroup = 3BF467D62BAD8CBF00184505;
			productRefGroup = 3BF467E02BAD8CBF00184505 /* Products */;
			projectDirPath = "";
			projectRoot = "";
			targets = (
				3BF467DE2BAD8CBF00184505 /* ThreadsClone */,
			);
		};
/* End PBXProject section */

/* Begin PBXResourcesBuildPhase section */
		3BF467DD2BAD8CBF00184505 /* Resources */ = {
			isa = PBXResourcesBuildPhase;
			buildActionMask = 2147483647;
			files = (
				3BF467EA2BAD8CC000184505 /* Preview Assets.xcassets in Resources */,
				3BF467E72BAD8CC000184505 /* Assets.xcassets in Resources */,
			);
			runOnlyForDeploymentPostprocessing = 0;
		};
/* End PBXResourcesBuildPhase section */

/* Begin PBXSourcesBuildPhase section */
		3BF467DB2BAD8CBF00184505 /* Sources */ = {
			isa = PBXSourcesBuildPhase;
			buildActionMask = 2147483647;
			files = (
				3BF4680B2BAF33F800184505 /* FeedView.swift in Sources */,
				3BF467FF2BAE05B700184505 /* LoginView.swift in Sources */,
				3BF467E52BAD8CBF00184505 /* ContentView.swift in Sources */,
				3BF468172BAF34EC00184505 /* ActivityView.swift in Sources */,
				3BF468132BAF34B200184505 /* CreateThreadView.swift in Sources */,
				3BF468072BAF2CBB00184505 /* ThreadsTabView.swift in Sources */,
				3BF468042BAF24DB00184505 /* ThreadsTextFieldModifier.swift in Sources */,
				3BF467E32BAD8CBF00184505 /* ThreadsCloneApp.swift in Sources */,
				3BF4680F2BAF346D00184505 /* ExploreView.swift in Sources */,
				3BF4681B2BAF350A00184505 /* ProfileView.swift in Sources */,
				3BF468012BAF1FA400184505 /* RegistrationView.swift in Sources */,
			);
			runOnlyForDeploymentPostprocessing = 0;
		};
/* End PBXSourcesBuildPhase section */

/* Begin XCBuildConfiguration section */
		3BF467EB2BAD8CC000184505 /* Debug */ = {
			isa = XCBuildConfiguration;
			buildSettings = {
				ALWAYS_SEARCH_USER_PATHS = NO;
				ASSETCATALOG_COMPILER_GENERATE_SWIFT_ASSET_SYMBOL_EXTENSIONS = YES;
				CLANG_ANALYZER_NONNULL = YES;
				CLANG_ANALYZER_NUMBER_OBJECT_CONVERSION = YES_AGGRESSIVE;
				CLANG_CXX_LANGUAGE_STANDARD = "gnu++20";
				CLANG_ENABLE_MODULES = YES;
				CLANG_ENABLE_OBJC_ARC = YES;
				CLANG_ENABLE_OBJC_WEAK = YES;
				CLANG_WARN_BLOCK_CAPTURE_AUTORELEASING = YES;
				CLANG_WARN_BOOL_CONVERSION = YES;
				CLANG_WARN_COMMA = YES;
				CLANG_WARN_CONSTANT_CONVERSION = YES;
				CLANG_WARN_DEPRECATED_OBJC_IMPLEMENTATIONS = YES;
				CLANG_WARN_DIRECT_OBJC_ISA_USAGE = YES_ERROR;
				CLANG_WARN_DOCUMENTATION_COMMENTS = YES;
				CLANG_WARN_EMPTY_BODY = YES;
				CLANG_WARN_ENUM_CONVERSION = YES;
				CLANG_WARN_INFINITE_RECURSION = YES;
				CLANG_WARN_INT_CONVERSION = YES;
				CLANG_WARN_NON_LITERAL_NULL_CONVERSION = YES;
				CLANG_WARN_OBJC_IMPLICIT_RETAIN_SELF = YES;
				CLANG_WARN_OBJC_LITERAL_CONVERSION = YES;
				CLANG_WARN_OBJC_ROOT_CLASS = YES_ERROR;
				CLANG_WARN_QUOTED_INCLUDE_IN_FRAMEWORK_HEADER = YES;
				CLANG_WARN_RANGE_LOOP_ANALYSIS = YES;
				CLANG_WARN_STRICT_PROTOTYPES = YES;
				CLANG_WARN_SUSPICIOUS_MOVE = YES;
				CLANG_WARN_UNGUARDED_AVAILABILITY = YES_AGGRESSIVE;
				CLANG_WARN_UNREACHABLE_CODE = YES;
				CLANG_WARN__DUPLICATE_METHOD_MATCH = YES;
				COPY_PHASE_STRIP = NO;
				DEBUG_INFORMATION_FORMAT = dwarf;
				ENABLE_STRICT_OBJC_MSGSEND = YES;
				ENABLE_TESTABILITY = YES;
				ENABLE_USER_SCRIPT_SANDBOXING = YES;
				GCC_C_LANGUAGE_STANDARD = gnu17;
				GCC_DYNAMIC_NO_PIC = NO;
				GCC_NO_COMMON_BLOCKS = YES;
				GCC_OPTIMIZATION_LEVEL = 0;
				GCC_PREPROCESSOR_DEFINITIONS = (
					"DEBUG=1",
					"$(inherited)",
				);
				GCC_WARN_64_TO_32_BIT_CONVERSION = YES;
				GCC_WARN_ABOUT_RETURN_TYPE = YES_ERROR;
				GCC_WARN_UNDECLARED_SELECTOR = YES;
				GCC_WARN_UNINITIALIZED_AUTOS = YES_AGGRESSIVE;
				GCC_WARN_UNUSED_FUNCTION = YES;
				GCC_WARN_UNUSED_VARIABLE = YES;
				IPHONEOS_DEPLOYMENT_TARGET = 17.4;
				LOCALIZATION_PREFERS_STRING_CATALOGS = YES;
				MTL_ENABLE_DEBUG_INFO = INCLUDE_SOURCE;
				MTL_FAST_MATH = YES;
				ONLY_ACTIVE_ARCH = YES;
				SDKROOT = iphoneos;
				SWIFT_ACTIVE_COMPILATION_CONDITIONS = "DEBUG $(inherited)";
				SWIFT_OPTIMIZATION_LEVEL = "-Onone";
			};
			name = Debug;
		};
		3BF467EC2BAD8CC000184505 /* Release */ = {
			isa = XCBuildConfiguration;
			buildSettings = {
				ALWAYS_SEARCH_USER_PATHS = NO;
				ASSETCATALOG_COMPILER_GENERATE_SWIFT_ASSET_SYMBOL_EXTENSIONS = YES;
				CLANG_ANALYZER_NONNULL = YES;
				CLANG_ANALYZER_NUMBER_OBJECT_CONVERSION = YES_AGGRESSIVE;
				CLANG_CXX_LANGUAGE_STANDARD = "gnu++20";
				CLANG_ENABLE_MODULES = YES;
				CLANG_ENABLE_OBJC_ARC = YES;
				CLANG_ENABLE_OBJC_WEAK = YES;
				CLANG_WARN_BLOCK_CAPTURE_AUTORELEASING = YES;
				CLANG_WARN_BOOL_CONVERSION = YES;
				CLANG_WARN_COMMA = YES;
				CLANG_WARN_CONSTANT_CONVERSION = YES;
				CLANG_WARN_DEPRECATED_OBJC_IMPLEMENTATIONS = YES;
				CLANG_WARN_DIRECT_OBJC_ISA_USAGE = YES_ERROR;
				CLANG_WARN_DOCUMENTATION_COMMENTS = YES;
				CLANG_WARN_EMPTY_BODY = YES;
				CLANG_WARN_ENUM_CONVERSION = YES;
				CLANG_WARN_INFINITE_RECURSION = YES;
				CLANG_WARN_INT_CONVERSION = YES;
				CLANG_WARN_NON_LITERAL_NULL_CONVERSION = YES;
				CLANG_WARN_OBJC_IMPLICIT_RETAIN_SELF = YES;
				CLANG_WARN_OBJC_LITERAL_CONVERSION = YES;
				CLANG_WARN_OBJC_ROOT_CLASS = YES_ERROR;
				CLANG_WARN_QUOTED_INCLUDE_IN_FRAMEWORK_HEADER = YES;
				CLANG_WARN_RANGE_LOOP_ANALYSIS = YES;
				CLANG_WARN_STRICT_PROTOTYPES = YES;
				CLANG_WARN_SUSPICIOUS_MOVE = YES;
				CLANG_WARN_UNGUARDED_AVAILABILITY = YES_AGGRESSIVE;
				CLANG_WARN_UNREACHABLE_CODE = YES;
				CLANG_WARN__DUPLICATE_METHOD_MATCH = YES;
				COPY_PHASE_STRIP = NO;
				DEBUG_INFORMATION_FORMAT = "dwarf-with-dsym";
				ENABLE_NS_ASSERTIONS = NO;
				ENABLE_STRICT_OBJC_MSGSEND = YES;
				ENABLE_USER_SCRIPT_SANDBOXING = YES;
				GCC_C_LANGUAGE_STANDARD = gnu17;
				GCC_NO_COMMON_BLOCKS = YES;
				GCC_WARN_64_TO_32_BIT_CONVERSION = YES;
				GCC_WARN_ABOUT_RETURN_TYPE = YES_ERROR;
				GCC_WARN_UNDECLARED_SELECTOR = YES;
				GCC_WARN_UNINITIALIZED_AUTOS = YES_AGGRESSIVE;
				GCC_WARN_UNUSED_FUNCTION = YES;
				GCC_WARN_UNUSED_VARIABLE = YES;
				IPHONEOS_DEPLOYMENT_TARGET = 17.4;
				LOCALIZATION_PREFERS_STRING_CATALOGS = YES;
				MTL_ENABLE_DEBUG_INFO = NO;
				MTL_FAST_MATH = YES;
				SDKROOT = iphoneos;
				SWIFT_COMPILATION_MODE = wholemodule;
				VALIDATE_PRODUCT = YES;
			};
			name = Release;
		};
		3BF467EE2BAD8CC000184505 /* Debug */ = {
			isa = XCBuildConfiguration;
			buildSettings = {
				ASSETCATALOG_COMPILER_APPICON_NAME = AppIcon;
				ASSETCATALOG_COMPILER_GLOBAL_ACCENT_COLOR_NAME = AccentColor;
				CODE_SIGN_STYLE = Automatic;
				CURRENT_PROJECT_VERSION = 1;
				DEVELOPMENT_ASSET_PATHS = "\"ThreadsClone/Preview Content\"";
				DEVELOPMENT_TEAM = NGA2X6V298;
				ENABLE_PREVIEWS = YES;
				GENERATE_INFOPLIST_FILE = YES;
				INFOPLIST_KEY_UIApplicationSceneManifest_Generation = YES;
				INFOPLIST_KEY_UIApplicationSupportsIndirectInputEvents = YES;
				INFOPLIST_KEY_UILaunchScreen_Generation = YES;
				INFOPLIST_KEY_UISupportedInterfaceOrientations_iPad = "UIInterfaceOrientationPortrait UIInterfaceOrientationPortraitUpsideDown UIInterfaceOrientationLandscapeLeft UIInterfaceOrientationLandscapeRight";
				INFOPLIST_KEY_UISupportedInterfaceOrientations_iPhone = "UIInterfaceOrientationPortrait UIInterfaceOrientationLandscapeLeft UIInterfaceOrientationLandscapeRight";
				LD_RUNPATH_SEARCH_PATHS = (
					"$(inherited)",
					"@executable_path/Frameworks",
				);
				MARKETING_VERSION = 1.0;
				PRODUCT_BUNDLE_IDENTIFIER = com.dodinoyo.ThreadsClone;
				PRODUCT_NAME = "$(TARGET_NAME)";
				SWIFT_EMIT_LOC_STRINGS = YES;
				SWIFT_VERSION = 5.0;
				TARGETED_DEVICE_FAMILY = "1,2";
			};
			name = Debug;
		};
		3BF467EF2BAD8CC000184505 /* Release */ = {
			isa = XCBuildConfiguration;
			buildSettings = {
				ASSETCATALOG_COMPILER_APPICON_NAME = AppIcon;
				ASSETCATALOG_COMPILER_GLOBAL_ACCENT_COLOR_NAME = AccentColor;
				CODE_SIGN_STYLE = Automatic;
				CURRENT_PROJECT_VERSION = 1;
				DEVELOPMENT_ASSET_PATHS = "\"ThreadsClone/Preview Content\"";
				DEVELOPMENT_TEAM = NGA2X6V298;
				ENABLE_PREVIEWS = YES;
				GENERATE_INFOPLIST_FILE = YES;
				INFOPLIST_KEY_UIApplicationSceneManifest_Generation = YES;
				INFOPLIST_KEY_UIApplicationSupportsIndirectInputEvents = YES;
				INFOPLIST_KEY_UILaunchScreen_Generation = YES;
				INFOPLIST_KEY_UISupportedInterfaceOrientations_iPad = "UIInterfaceOrientationPortrait UIInterfaceOrientationPortraitUpsideDown UIInterfaceOrientationLandscapeLeft UIInterfaceOrientationLandscapeRight";
				INFOPLIST_KEY_UISupportedInterfaceOrientations_iPhone = "UIInterfaceOrientationPortrait UIInterfaceOrientationLandscapeLeft UIInterfaceOrientationLandscapeRight";
				LD_RUNPATH_SEARCH_PATHS = (
					"$(inherited)",
					"@executable_path/Frameworks",
				);
				MARKETING_VERSION = 1.0;
				PRODUCT_BUNDLE_IDENTIFIER = com.dodinoyo.ThreadsClone;
				PRODUCT_NAME = "$(TARGET_NAME)";
				SWIFT_EMIT_LOC_STRINGS = YES;
				SWIFT_VERSION = 5.0;
				TARGETED_DEVICE_FAMILY = "1,2";
			};
			name = Release;
		};
/* End XCBuildConfiguration section */

/* Begin XCConfigurationList section */
		3BF467DA2BAD8CBF00184505 /* Build configuration list for PBXProject "ThreadsClone" */ = {
			isa = XCConfigurationList;
			buildConfigurations = (
				3BF467EB2BAD8CC000184505 /* Debug */,
				3BF467EC2BAD8CC000184505 /* Release */,
			);
			defaultConfigurationIsVisible = 0;
			defaultConfigurationName = Release;
		};
		3BF467ED2BAD8CC000184505 /* Build configuration list for PBXNativeTarget "ThreadsClone" */ = {
			isa = XCConfigurationList;
			buildConfigurations = (
				3BF467EE2BAD8CC000184505 /* Debug */,
				3BF467EF2BAD8CC000184505 /* Release */,
			);
			defaultConfigurationIsVisible = 0;
			defaultConfigurationName = Release;
		};
/* End XCConfigurationList section */
	};
	rootObject = 3BF467D72BAD8CBF00184505 /* Project object */;
}
