// !$*UTF8*$!
{
	archiveVersion = 1;
	classes = {
	};
	objectVersion = 56;
	objects = {

/* Begin PBXBuildFile section */
		133BDC67304DE896862C2B7D /* Pods_ThreadsClone.framework in Frameworks */ = {isa = PBXBuildFile; fileRef = EC2184E0584BF6ACE0B6B596 /* Pods_ThreadsClone.framework */; };
		3B3C0E372C2AACD50016CA66 /* User.swift in Sources */ = {isa = PBXBuildFile; fileRef = 3B3C0E362C2AACD50016CA66 /* User.swift */; };
		3B3C0E392C2AB3940016CA66 /* UserService.swift in Sources */ = {isa = PBXBuildFile; fileRef = 3B3C0E382C2AB3940016CA66 /* UserService.swift */; };
		3B3C0E3C2C2AB5BC0016CA66 /* CurrentUserProfileViewModel.swift in Sources */ = {isa = PBXBuildFile; fileRef = 3B3C0E3B2C2AB5BC0016CA66 /* CurrentUserProfileViewModel.swift */; };
		3B3C0E3F2C2C83CB0016CA66 /* ExploreViewModel.swift in Sources */ = {isa = PBXBuildFile; fileRef = 3B3C0E3E2C2C83CB0016CA66 /* ExploreViewModel.swift */; };
		3B3C0E412C2C87BC0016CA66 /* PreviewProvider.swift in Sources */ = {isa = PBXBuildFile; fileRef = 3B3C0E402C2C87BC0016CA66 /* PreviewProvider.swift */; };
		3B3C0E452C2C90C10016CA66 /* CurrentUserProfileView.swift in Sources */ = {isa = PBXBuildFile; fileRef = 3B3C0E442C2C90C10016CA66 /* CurrentUserProfileView.swift */; };
		3B3C0E492C2C94BE0016CA66 /* ProfileHeaderView.swift in Sources */ = {isa = PBXBuildFile; fileRef = 3B3C0E482C2C94BE0016CA66 /* ProfileHeaderView.swift */; };
		3B3C0E4B2C2C98BC0016CA66 /* UserContentListView.swift in Sources */ = {isa = PBXBuildFile; fileRef = 3B3C0E4A2C2C98BC0016CA66 /* UserContentListView.swift */; };
		3B3C0E4E2C2F23E70016CA66 /* EditProfileViewModel.swift in Sources */ = {isa = PBXBuildFile; fileRef = 3B3C0E4D2C2F23E70016CA66 /* EditProfileViewModel.swift */; };
		3B3C0E502C3043CA0016CA66 /* ImageUploader.swift in Sources */ = {isa = PBXBuildFile; fileRef = 3B3C0E4F2C3043CA0016CA66 /* ImageUploader.swift */; };
		3B92A0FB2C3192A6007F29FC /* Thread.swift in Sources */ = {isa = PBXBuildFile; fileRef = 3B92A0FA2C3192A6007F29FC /* Thread.swift */; };
		3B92A0FE2C3196FE007F29FC /* CreateThreadViewModel.swift in Sources */ = {isa = PBXBuildFile; fileRef = 3B92A0FD2C3196FE007F29FC /* CreateThreadViewModel.swift */; };
		3B92A1002C3198CF007F29FC /* ThreadService.swift in Sources */ = {isa = PBXBuildFile; fileRef = 3B92A0FF2C3198CF007F29FC /* ThreadService.swift */; };
		3B92A1032C31AD5A007F29FC /* FeedViewModel.swift in Sources */ = {isa = PBXBuildFile; fileRef = 3B92A1022C31AD5A007F29FC /* FeedViewModel.swift */; };
		3B92A1072C321C70007F29FC /* UserContentListViewModel.swift in Sources */ = {isa = PBXBuildFile; fileRef = 3B92A1062C321C70007F29FC /* UserContentListViewModel.swift */; };
		3B92A1092C32A247007F29FC /* Timestamp.swift in Sources */ = {isa = PBXBuildFile; fileRef = 3B92A1082C32A247007F29FC /* Timestamp.swift */; };
		3B92A10D2C32C044007F29FC /* ContentActionButtonsView.swift in Sources */ = {isa = PBXBuildFile; fileRef = 3B92A10C2C32C044007F29FC /* ContentActionButtonsView.swift */; };
		3B92A1112C32C38D007F29FC /* ContentActionButtonsViewModel.swift in Sources */ = {isa = PBXBuildFile; fileRef = 3B92A1102C32C38D007F29FC /* ContentActionButtonsViewModel.swift */; };
		3B92A1162C32E43B007F29FC /* Constants.swift in Sources */ = {isa = PBXBuildFile; fileRef = 3B92A1152C32E43B007F29FC /* Constants.swift */; };
		3B92A11B2C33453B007F29FC /* ThreadReplyView.swift in Sources */ = {isa = PBXBuildFile; fileRef = 3B92A11A2C33453B007F29FC /* ThreadReplyView.swift */; };
		3B92A11D2C33552F007F29FC /* String.swift in Sources */ = {isa = PBXBuildFile; fileRef = 3B92A11C2C33552F007F29FC /* String.swift */; };
		3B92A1202C335DD4007F29FC /* ThreadReply.swift in Sources */ = {isa = PBXBuildFile; fileRef = 3B92A11F2C335DD4007F29FC /* ThreadReply.swift */; };
		3B92A1232C3362AD007F29FC /* ThreadReplyService.swift in Sources */ = {isa = PBXBuildFile; fileRef = 3B92A1222C3362AD007F29FC /* ThreadReplyService.swift */; };
		3B92A1252C336430007F29FC /* ThreadReplyViewModel.swift in Sources */ = {isa = PBXBuildFile; fileRef = 3B92A1242C336430007F29FC /* ThreadReplyViewModel.swift */; };
		3B92A12A2C345A24007F29FC /* ThreadDetailsView.swift in Sources */ = {isa = PBXBuildFile; fileRef = 3B92A1292C345A24007F29FC /* ThreadDetailsView.swift */; };
		3B92A12C2C346209007F29FC /* ThreadDetailsViewModel.swift in Sources */ = {isa = PBXBuildFile; fileRef = 3B92A12B2C346209007F29FC /* ThreadDetailsViewModel.swift */; };
		3B92A12E2C346633007F29FC /* ThreadReplyCell.swift in Sources */ = {isa = PBXBuildFile; fileRef = 3B92A12D2C346633007F29FC /* ThreadReplyCell.swift */; };
		3B92A1302C346C51007F29FC /* ThreadReplyProfileCell.swift in Sources */ = {isa = PBXBuildFile; fileRef = 3B92A12F2C346C51007F29FC /* ThreadReplyProfileCell.swift */; };
		3BDE950E2BB9FCDF005DDD6A /* GoogleService-Info.plist in Resources */ = {isa = PBXBuildFile; fileRef = 3BDE950D2BB9FCDF005DDD6A /* GoogleService-Info.plist */; };
		3BDE95112BB9FE9B005DDD6A /* FirebaseAuth in Frameworks */ = {isa = PBXBuildFile; productRef = 3BDE95102BB9FE9B005DDD6A /* FirebaseAuth */; };
		3BDE95132BB9FE9B005DDD6A /* FirebaseFirestore in Frameworks */ = {isa = PBXBuildFile; productRef = 3BDE95122BB9FE9B005DDD6A /* FirebaseFirestore */; };
		3BDE95152BB9FE9B005DDD6A /* FirebaseFirestoreSwift in Frameworks */ = {isa = PBXBuildFile; productRef = 3BDE95142BB9FE9B005DDD6A /* FirebaseFirestoreSwift */; };
		3BDE95172BB9FE9B005DDD6A /* FirebaseStorage in Frameworks */ = {isa = PBXBuildFile; productRef = 3BDE95162BB9FE9B005DDD6A /* FirebaseStorage */; };
		3BDE951B2BBA1599005DDD6A /* RegistrationViewModel.swift in Sources */ = {isa = PBXBuildFile; fileRef = 3BDE951A2BBA1599005DDD6A /* RegistrationViewModel.swift */; };
		3BDE951D2BBA1714005DDD6A /* AuthService.swift in Sources */ = {isa = PBXBuildFile; fileRef = 3BDE951C2BBA1714005DDD6A /* AuthService.swift */; };
		3BDE95212BBA74E5005DDD6A /* ContentViewModel.swift in Sources */ = {isa = PBXBuildFile; fileRef = 3BDE95202BBA74E4005DDD6A /* ContentViewModel.swift */; };
		3BDE95232BBA7CE0005DDD6A /* LoginViewModel.swift in Sources */ = {isa = PBXBuildFile; fileRef = 3BDE95222BBA7CE0005DDD6A /* LoginViewModel.swift */; };
		3BF467E32BAD8CBF00184505 /* ThreadsCloneApp.swift in Sources */ = {isa = PBXBuildFile; fileRef = 3BF467E22BAD8CBF00184505 /* ThreadsCloneApp.swift */; };
		3BF467E52BAD8CBF00184505 /* ContentView.swift in Sources */ = {isa = PBXBuildFile; fileRef = 3BF467E42BAD8CBF00184505 /* ContentView.swift */; };
		3BF467E72BAD8CC000184505 /* Assets.xcassets in Resources */ = {isa = PBXBuildFile; fileRef = 3BF467E62BAD8CC000184505 /* Assets.xcassets */; };
		3BF467EA2BAD8CC000184505 /* Preview Assets.xcassets in Resources */ = {isa = PBXBuildFile; fileRef = 3BF467E92BAD8CC000184505 /* Preview Assets.xcassets */; };
		3BF467FF2BAE05B700184505 /* LoginView.swift in Sources */ = {isa = PBXBuildFile; fileRef = 3BF467FE2BAE05B700184505 /* LoginView.swift */; };
		3BF468012BAF1FA400184505 /* RegistrationView.swift in Sources */ = {isa = PBXBuildFile; fileRef = 3BF468002BAF1FA400184505 /* RegistrationView.swift */; };
		3BF468042BAF24DB00184505 /* ThreadsTextFieldModifier.swift in Sources */ = {isa = PBXBuildFile; fileRef = 3BF468032BAF24DB00184505 /* ThreadsTextFieldModifier.swift */; };
		3BF468072BAF2CBB00184505 /* ThreadsTabView.swift in Sources */ = {isa = PBXBuildFile; fileRef = 3BF468062BAF2CBB00184505 /* ThreadsTabView.swift */; };
		3BF4680B2BAF33F800184505 /* FeedView.swift in Sources */ = {isa = PBXBuildFile; fileRef = 3BF4680A2BAF33F800184505 /* FeedView.swift */; };
		3BF4680F2BAF346D00184505 /* ExploreView.swift in Sources */ = {isa = PBXBuildFile; fileRef = 3BF4680E2BAF346D00184505 /* ExploreView.swift */; };
		3BF468132BAF34B200184505 /* CreateThreadView.swift in Sources */ = {isa = PBXBuildFile; fileRef = 3BF468122BAF34B200184505 /* CreateThreadView.swift */; };
		3BF468172BAF34EC00184505 /* ActivityView.swift in Sources */ = {isa = PBXBuildFile; fileRef = 3BF468162BAF34EC00184505 /* ActivityView.swift */; };
		3BF4681B2BAF350A00184505 /* ProfileView.swift in Sources */ = {isa = PBXBuildFile; fileRef = 3BF4681A2BAF350A00184505 /* ProfileView.swift */; };
		3BF4681D2BAF471B00184505 /* ThreadCell.swift in Sources */ = {isa = PBXBuildFile; fileRef = 3BF4681C2BAF471B00184505 /* ThreadCell.swift */; };
		3BFF9DE42BB0A92500AC007F /* CircularProfileImageView.swift in Sources */ = {isa = PBXBuildFile; fileRef = 3BFF9DE32BB0A92500AC007F /* CircularProfileImageView.swift */; };
		3BFF9DE62BB0AAA000AC007F /* UserCell.swift in Sources */ = {isa = PBXBuildFile; fileRef = 3BFF9DE52BB0AAA000AC007F /* UserCell.swift */; };
		3BFF9DE92BB15F2B00AC007F /* ProfileThreadFilter.swift in Sources */ = {isa = PBXBuildFile; fileRef = 3BFF9DE82BB15F2B00AC007F /* ProfileThreadFilter.swift */; };
		3BFF9DED2BB173D000AC007F /* EditProfileView.swift in Sources */ = {isa = PBXBuildFile; fileRef = 3BFF9DEC2BB173D000AC007F /* EditProfileView.swift */; };
/* End PBXBuildFile section */

/* Begin PBXFileReference section */
		33AFF784C5DBF3FF01904A40 /* Pods-ThreadsClone.debug.xcconfig */ = {isa = PBXFileReference; includeInIndex = 1; lastKnownFileType = text.xcconfig; name = "Pods-ThreadsClone.debug.xcconfig"; path = "Target Support Files/Pods-ThreadsClone/Pods-ThreadsClone.debug.xcconfig"; sourceTree = "<group>"; };
		3B3C0E362C2AACD50016CA66 /* User.swift */ = {isa = PBXFileReference; lastKnownFileType = sourcecode.swift; path = User.swift; sourceTree = "<group>"; };
		3B3C0E382C2AB3940016CA66 /* UserService.swift */ = {isa = PBXFileReference; lastKnownFileType = sourcecode.swift; path = UserService.swift; sourceTree = "<group>"; };
		3B3C0E3B2C2AB5BC0016CA66 /* CurrentUserProfileViewModel.swift */ = {isa = PBXFileReference; lastKnownFileType = sourcecode.swift; path = CurrentUserProfileViewModel.swift; sourceTree = "<group>"; };
		3B3C0E3E2C2C83CB0016CA66 /* ExploreViewModel.swift */ = {isa = PBXFileReference; lastKnownFileType = sourcecode.swift; path = ExploreViewModel.swift; sourceTree = "<group>"; };
		3B3C0E402C2C87BC0016CA66 /* PreviewProvider.swift */ = {isa = PBXFileReference; lastKnownFileType = sourcecode.swift; path = PreviewProvider.swift; sourceTree = "<group>"; };
		3B3C0E442C2C90C10016CA66 /* CurrentUserProfileView.swift */ = {isa = PBXFileReference; lastKnownFileType = sourcecode.swift; path = CurrentUserProfileView.swift; sourceTree = "<group>"; };
		3B3C0E482C2C94BE0016CA66 /* ProfileHeaderView.swift */ = {isa = PBXFileReference; lastKnownFileType = sourcecode.swift; path = ProfileHeaderView.swift; sourceTree = "<group>"; };
		3B3C0E4A2C2C98BC0016CA66 /* UserContentListView.swift */ = {isa = PBXFileReference; lastKnownFileType = sourcecode.swift; path = UserContentListView.swift; sourceTree = "<group>"; };
		3B3C0E4D2C2F23E70016CA66 /* EditProfileViewModel.swift */ = {isa = PBXFileReference; lastKnownFileType = sourcecode.swift; path = EditProfileViewModel.swift; sourceTree = "<group>"; };
		3B3C0E4F2C3043CA0016CA66 /* ImageUploader.swift */ = {isa = PBXFileReference; lastKnownFileType = sourcecode.swift; path = ImageUploader.swift; sourceTree = "<group>"; };
		3B92A0FA2C3192A6007F29FC /* Thread.swift */ = {isa = PBXFileReference; lastKnownFileType = sourcecode.swift; path = Thread.swift; sourceTree = "<group>"; };
		3B92A0FD2C3196FE007F29FC /* CreateThreadViewModel.swift */ = {isa = PBXFileReference; lastKnownFileType = sourcecode.swift; path = CreateThreadViewModel.swift; sourceTree = "<group>"; };
		3B92A0FF2C3198CF007F29FC /* ThreadService.swift */ = {isa = PBXFileReference; lastKnownFileType = sourcecode.swift; path = ThreadService.swift; sourceTree = "<group>"; };
		3B92A1022C31AD5A007F29FC /* FeedViewModel.swift */ = {isa = PBXFileReference; lastKnownFileType = sourcecode.swift; path = FeedViewModel.swift; sourceTree = "<group>"; };
		3B92A1062C321C70007F29FC /* UserContentListViewModel.swift */ = {isa = PBXFileReference; lastKnownFileType = sourcecode.swift; path = UserContentListViewModel.swift; sourceTree = "<group>"; };
		3B92A1082C32A247007F29FC /* Timestamp.swift */ = {isa = PBXFileReference; lastKnownFileType = sourcecode.swift; path = Timestamp.swift; sourceTree = "<group>"; };
		3B92A10C2C32C044007F29FC /* ContentActionButtonsView.swift */ = {isa = PBXFileReference; lastKnownFileType = sourcecode.swift; path = ContentActionButtonsView.swift; sourceTree = "<group>"; };
		3B92A1102C32C38D007F29FC /* ContentActionButtonsViewModel.swift */ = {isa = PBXFileReference; lastKnownFileType = sourcecode.swift; path = ContentActionButtonsViewModel.swift; sourceTree = "<group>"; };
		3B92A1122C32CECB007F29FC /* CoreAudioTypes.framework */ = {isa = PBXFileReference; lastKnownFileType = wrapper.framework; name = CoreAudioTypes.framework; path = System/Library/Frameworks/CoreAudioTypes.framework; sourceTree = SDKROOT; };
		3B92A1152C32E43B007F29FC /* Constants.swift */ = {isa = PBXFileReference; lastKnownFileType = sourcecode.swift; path = Constants.swift; sourceTree = "<group>"; };
		3B92A11A2C33453B007F29FC /* ThreadReplyView.swift */ = {isa = PBXFileReference; lastKnownFileType = sourcecode.swift; path = ThreadReplyView.swift; sourceTree = "<group>"; };
		3B92A11C2C33552F007F29FC /* String.swift */ = {isa = PBXFileReference; lastKnownFileType = sourcecode.swift; path = String.swift; sourceTree = "<group>"; };
		3B92A11F2C335DD4007F29FC /* ThreadReply.swift */ = {isa = PBXFileReference; lastKnownFileType = sourcecode.swift; path = ThreadReply.swift; sourceTree = "<group>"; };
		3B92A1222C3362AD007F29FC /* ThreadReplyService.swift */ = {isa = PBXFileReference; lastKnownFileType = sourcecode.swift; path = ThreadReplyService.swift; sourceTree = "<group>"; };
		3B92A1242C336430007F29FC /* ThreadReplyViewModel.swift */ = {isa = PBXFileReference; lastKnownFileType = sourcecode.swift; path = ThreadReplyViewModel.swift; sourceTree = "<group>"; };
		3B92A1292C345A24007F29FC /* ThreadDetailsView.swift */ = {isa = PBXFileReference; lastKnownFileType = sourcecode.swift; path = ThreadDetailsView.swift; sourceTree = "<group>"; };
		3B92A12B2C346209007F29FC /* ThreadDetailsViewModel.swift */ = {isa = PBXFileReference; lastKnownFileType = sourcecode.swift; path = ThreadDetailsViewModel.swift; sourceTree = "<group>"; };
		3B92A12D2C346633007F29FC /* ThreadReplyCell.swift */ = {isa = PBXFileReference; lastKnownFileType = sourcecode.swift; path = ThreadReplyCell.swift; sourceTree = "<group>"; };
		3B92A12F2C346C51007F29FC /* ThreadReplyProfileCell.swift */ = {isa = PBXFileReference; lastKnownFileType = sourcecode.swift; path = ThreadReplyProfileCell.swift; sourceTree = "<group>"; };
		3BDE950D2BB9FCDF005DDD6A /* GoogleService-Info.plist */ = {isa = PBXFileReference; fileEncoding = 4; lastKnownFileType = text.plist.xml; path = "GoogleService-Info.plist"; sourceTree = "<group>"; };
		3BDE951A2BBA1599005DDD6A /* RegistrationViewModel.swift */ = {isa = PBXFileReference; lastKnownFileType = sourcecode.swift; path = RegistrationViewModel.swift; sourceTree = "<group>"; };
		3BDE951C2BBA1714005DDD6A /* AuthService.swift */ = {isa = PBXFileReference; lastKnownFileType = sourcecode.swift; path = AuthService.swift; sourceTree = "<group>"; };
		3BDE95202BBA74E4005DDD6A /* ContentViewModel.swift */ = {isa = PBXFileReference; lastKnownFileType = sourcecode.swift; path = ContentViewModel.swift; sourceTree = "<group>"; };
		3BDE95222BBA7CE0005DDD6A /* LoginViewModel.swift */ = {isa = PBXFileReference; lastKnownFileType = sourcecode.swift; path = LoginViewModel.swift; sourceTree = "<group>"; };
		3BF467DF2BAD8CBF00184505 /* ThreadsClone.app */ = {isa = PBXFileReference; explicitFileType = wrapper.application; includeInIndex = 0; path = ThreadsClone.app; sourceTree = BUILT_PRODUCTS_DIR; };
		3BF467E22BAD8CBF00184505 /* ThreadsCloneApp.swift */ = {isa = PBXFileReference; lastKnownFileType = sourcecode.swift; path = ThreadsCloneApp.swift; sourceTree = "<group>"; };
		3BF467E42BAD8CBF00184505 /* ContentView.swift */ = {isa = PBXFileReference; lastKnownFileType = sourcecode.swift; path = ContentView.swift; sourceTree = "<group>"; };
		3BF467E62BAD8CC000184505 /* Assets.xcassets */ = {isa = PBXFileReference; lastKnownFileType = folder.assetcatalog; path = Assets.xcassets; sourceTree = "<group>"; };
		3BF467E92BAD8CC000184505 /* Preview Assets.xcassets */ = {isa = PBXFileReference; lastKnownFileType = folder.assetcatalog; path = "Preview Assets.xcassets"; sourceTree = "<group>"; };
		3BF467FE2BAE05B700184505 /* LoginView.swift */ = {isa = PBXFileReference; lastKnownFileType = sourcecode.swift; path = LoginView.swift; sourceTree = "<group>"; };
		3BF468002BAF1FA400184505 /* RegistrationView.swift */ = {isa = PBXFileReference; lastKnownFileType = sourcecode.swift; path = RegistrationView.swift; sourceTree = "<group>"; };
		3BF468032BAF24DB00184505 /* ThreadsTextFieldModifier.swift */ = {isa = PBXFileReference; lastKnownFileType = sourcecode.swift; path = ThreadsTextFieldModifier.swift; sourceTree = "<group>"; };
		3BF468062BAF2CBB00184505 /* ThreadsTabView.swift */ = {isa = PBXFileReference; lastKnownFileType = sourcecode.swift; path = ThreadsTabView.swift; sourceTree = "<group>"; };
		3BF4680A2BAF33F800184505 /* FeedView.swift */ = {isa = PBXFileReference; lastKnownFileType = sourcecode.swift; path = FeedView.swift; sourceTree = "<group>"; };
		3BF4680E2BAF346D00184505 /* ExploreView.swift */ = {isa = PBXFileReference; lastKnownFileType = sourcecode.swift; path = ExploreView.swift; sourceTree = "<group>"; };
		3BF468122BAF34B200184505 /* CreateThreadView.swift */ = {isa = PBXFileReference; lastKnownFileType = sourcecode.swift; path = CreateThreadView.swift; sourceTree = "<group>"; };
		3BF468162BAF34EC00184505 /* ActivityView.swift */ = {isa = PBXFileReference; lastKnownFileType = sourcecode.swift; path = ActivityView.swift; sourceTree = "<group>"; };
		3BF4681A2BAF350A00184505 /* ProfileView.swift */ = {isa = PBXFileReference; lastKnownFileType = sourcecode.swift; path = ProfileView.swift; sourceTree = "<group>"; };
		3BF4681C2BAF471B00184505 /* ThreadCell.swift */ = {isa = PBXFileReference; lastKnownFileType = sourcecode.swift; path = ThreadCell.swift; sourceTree = "<group>"; };
		3BFF9DE32BB0A92500AC007F /* CircularProfileImageView.swift */ = {isa = PBXFileReference; lastKnownFileType = sourcecode.swift; path = CircularProfileImageView.swift; sourceTree = "<group>"; };
		3BFF9DE52BB0AAA000AC007F /* UserCell.swift */ = {isa = PBXFileReference; lastKnownFileType = sourcecode.swift; path = UserCell.swift; sourceTree = "<group>"; };
		3BFF9DE82BB15F2B00AC007F /* ProfileThreadFilter.swift */ = {isa = PBXFileReference; lastKnownFileType = sourcecode.swift; path = ProfileThreadFilter.swift; sourceTree = "<group>"; };
		3BFF9DEC2BB173D000AC007F /* EditProfileView.swift */ = {isa = PBXFileReference; lastKnownFileType = sourcecode.swift; path = EditProfileView.swift; sourceTree = "<group>"; };
		D07D199BE413FF75DC0A7611 /* Pods-ThreadsClone.release.xcconfig */ = {isa = PBXFileReference; includeInIndex = 1; lastKnownFileType = text.xcconfig; name = "Pods-ThreadsClone.release.xcconfig"; path = "Target Support Files/Pods-ThreadsClone/Pods-ThreadsClone.release.xcconfig"; sourceTree = "<group>"; };
		EC2184E0584BF6ACE0B6B596 /* Pods_ThreadsClone.framework */ = {isa = PBXFileReference; explicitFileType = wrapper.framework; includeInIndex = 0; path = Pods_ThreadsClone.framework; sourceTree = BUILT_PRODUCTS_DIR; };
/* End PBXFileReference section */

/* Begin PBXFrameworksBuildPhase section */
		3BF467DC2BAD8CBF00184505 /* Frameworks */ = {
			isa = PBXFrameworksBuildPhase;
			buildActionMask = 2147483647;
			files = (
				3BDE95112BB9FE9B005DDD6A /* FirebaseAuth in Frameworks */,
				3BDE95172BB9FE9B005DDD6A /* FirebaseStorage in Frameworks */,
				3BDE95132BB9FE9B005DDD6A /* FirebaseFirestore in Frameworks */,
				3BDE95152BB9FE9B005DDD6A /* FirebaseFirestoreSwift in Frameworks */,
				133BDC67304DE896862C2B7D /* Pods_ThreadsClone.framework in Frameworks */,
			);
			runOnlyForDeploymentPostprocessing = 0;
		};
/* End PBXFrameworksBuildPhase section */

/* Begin PBXGroup section */
		3B3C0E3D2C2C83910016CA66 /* ViewModel */ = {
			isa = PBXGroup;
			children = (
				3B3C0E3E2C2C83CB0016CA66 /* ExploreViewModel.swift */,
			);
			path = ViewModel;
			sourceTree = "<group>";
		};
		3B3C0E422C2C908E0016CA66 /* CurrentUserProfile */ = {
			isa = PBXGroup;
			children = (
				3B3C0E432C2C90AC0016CA66 /* View */,
				3B3C0E462C2C917A0016CA66 /* ViewModel */,
			);
			path = CurrentUserProfile;
			sourceTree = "<group>";
		};
		3B3C0E432C2C90AC0016CA66 /* View */ = {
			isa = PBXGroup;
			children = (
				3B3C0E442C2C90C10016CA66 /* CurrentUserProfileView.swift */,
			);
			path = View;
			sourceTree = "<group>";
		};
		3B3C0E462C2C917A0016CA66 /* ViewModel */ = {
			isa = PBXGroup;
			children = (
				3B3C0E3B2C2AB5BC0016CA66 /* CurrentUserProfileViewModel.swift */,
			);
			path = ViewModel;
			sourceTree = "<group>";
		};
		3B3C0E472C2C94A70016CA66 /* Components */ = {
			isa = PBXGroup;
			children = (
				3B92A1042C321C45007F29FC /* View */,
				3B92A1052C321C4D007F29FC /* ViewModel */,
			);
			path = Components;
			sourceTree = "<group>";
		};
		3B3C0E4C2C2F23D30016CA66 /* ViewModel */ = {
			isa = PBXGroup;
			children = (
				3B3C0E4D2C2F23E70016CA66 /* EditProfileViewModel.swift */,
			);
			path = ViewModel;
			sourceTree = "<group>";
		};
		3B92A0FC2C3196E7007F29FC /* ViewModel */ = {
			isa = PBXGroup;
			children = (
				3B92A0FD2C3196FE007F29FC /* CreateThreadViewModel.swift */,
			);
			path = ViewModel;
			sourceTree = "<group>";
		};
		3B92A1012C31AD4B007F29FC /* ViewModel */ = {
			isa = PBXGroup;
			children = (
				3B92A1022C31AD5A007F29FC /* FeedViewModel.swift */,
			);
			path = ViewModel;
			sourceTree = "<group>";
		};
		3B92A1042C321C45007F29FC /* View */ = {
			isa = PBXGroup;
			children = (
				3B3C0E482C2C94BE0016CA66 /* ProfileHeaderView.swift */,
				3B3C0E4A2C2C98BC0016CA66 /* UserContentListView.swift */,
				3B92A12F2C346C51007F29FC /* ThreadReplyProfileCell.swift */,
			);
			path = View;
			sourceTree = "<group>";
		};
		3B92A1052C321C4D007F29FC /* ViewModel */ = {
			isa = PBXGroup;
			children = (
				3B92A1062C321C70007F29FC /* UserContentListViewModel.swift */,
			);
			path = ViewModel;
			sourceTree = "<group>";
		};
		3B92A10A2C32BFF2007F29FC /* Threads */ = {
			isa = PBXGroup;
			children = (
				3B92A10E2C32C35C007F29FC /* View */,
				3B92A10F2C32C364007F29FC /* ViewModel */,
			);
			path = Threads;
			sourceTree = "<group>";
		};
		3B92A10B2C32BFFC007F29FC /* Users */ = {
			isa = PBXGroup;
			children = (
				3BFF9DE32BB0A92500AC007F /* CircularProfileImageView.swift */,
				3BFF9DE52BB0AAA000AC007F /* UserCell.swift */,
			);
			path = Users;
			sourceTree = "<group>";
		};
		3B92A10E2C32C35C007F29FC /* View */ = {
			isa = PBXGroup;
			children = (
				3BF4681C2BAF471B00184505 /* ThreadCell.swift */,
				3B92A10C2C32C044007F29FC /* ContentActionButtonsView.swift */,
			);
			path = View;
			sourceTree = "<group>";
		};
		3B92A10F2C32C364007F29FC /* ViewModel */ = {
			isa = PBXGroup;
			children = (
				3B92A1102C32C38D007F29FC /* ContentActionButtonsViewModel.swift */,
			);
			path = ViewModel;
			sourceTree = "<group>";
		};
		3B92A1172C3344F0007F29FC /* ThreadReplies */ = {
			isa = PBXGroup;
			children = (
				3B92A1212C336295007F29FC /* Service */,
				3B92A11E2C335DC4007F29FC /* Model */,
				3B92A1182C334521007F29FC /* View */,
				3B92A1192C334524007F29FC /* ViewModel */,
			);
			path = ThreadReplies;
			sourceTree = "<group>";
		};
		3B92A1182C334521007F29FC /* View */ = {
			isa = PBXGroup;
			children = (
				3B92A11A2C33453B007F29FC /* ThreadReplyView.swift */,
				3B92A12D2C346633007F29FC /* ThreadReplyCell.swift */,
			);
			path = View;
			sourceTree = "<group>";
		};
		3B92A1192C334524007F29FC /* ViewModel */ = {
			isa = PBXGroup;
			children = (
				3B92A1242C336430007F29FC /* ThreadReplyViewModel.swift */,
			);
			path = ViewModel;
			sourceTree = "<group>";
		};
		3B92A11E2C335DC4007F29FC /* Model */ = {
			isa = PBXGroup;
			children = (
				3B92A11F2C335DD4007F29FC /* ThreadReply.swift */,
			);
			path = Model;
			sourceTree = "<group>";
		};
		3B92A1212C336295007F29FC /* Service */ = {
			isa = PBXGroup;
			children = (
				3B92A1222C3362AD007F29FC /* ThreadReplyService.swift */,
			);
			path = Service;
			sourceTree = "<group>";
		};
		3B92A1262C3459F9007F29FC /* ThreadDetails */ = {
			isa = PBXGroup;
			children = (
				3B92A1282C345A15007F29FC /* View */,
				3B92A1272C345A10007F29FC /* ViewModel */,
			);
			path = ThreadDetails;
			sourceTree = "<group>";
		};
		3B92A1272C345A10007F29FC /* ViewModel */ = {
			isa = PBXGroup;
			children = (
				3B92A12B2C346209007F29FC /* ThreadDetailsViewModel.swift */,
			);
			path = ViewModel;
			sourceTree = "<group>";
		};
		3B92A1282C345A15007F29FC /* View */ = {
			isa = PBXGroup;
			children = (
				3B92A1292C345A24007F29FC /* ThreadDetailsView.swift */,
			);
			path = View;
			sourceTree = "<group>";
		};
		3BDE95182BBA155D005DDD6A /* ViewModel */ = {
			isa = PBXGroup;
			children = (
				3BDE95222BBA7CE0005DDD6A /* LoginViewModel.swift */,
				3BDE951A2BBA1599005DDD6A /* RegistrationViewModel.swift */,
			);
			path = ViewModel;
			sourceTree = "<group>";
		};
		3BDE95192BBA1569005DDD6A /* Service */ = {
			isa = PBXGroup;
			children = (
				3BDE951C2BBA1714005DDD6A /* AuthService.swift */,
			);
			path = Service;
			sourceTree = "<group>";
		};
		3BDE951E2BBA74A7005DDD6A /* View */ = {
			isa = PBXGroup;
			children = (
				3BF467E42BAD8CBF00184505 /* ContentView.swift */,
			);
			path = View;
			sourceTree = "<group>";
		};
		3BDE951F2BBA74AE005DDD6A /* ViewModel */ = {
			isa = PBXGroup;
			children = (
				3BDE95202BBA74E4005DDD6A /* ContentViewModel.swift */,
			);
			path = ViewModel;
			sourceTree = "<group>";
		};
		3BF467D62BAD8CBF00184505 = {
			isa = PBXGroup;
			children = (
				3BF467E12BAD8CBF00184505 /* ThreadsClone */,
				3BF467E02BAD8CBF00184505 /* Products */,
				AA44E3E11CCCA1E086C37A7B /* Pods */,
				E4F931EF7F58D2D0A1F0EF41 /* Frameworks */,
			);
			sourceTree = "<group>";
		};
		3BF467E02BAD8CBF00184505 /* Products */ = {
			isa = PBXGroup;
			children = (
				3BF467DF2BAD8CBF00184505 /* ThreadsClone.app */,
			);
			name = Products;
			sourceTree = "<group>";
		};
		3BF467E12BAD8CBF00184505 /* ThreadsClone */ = {
			isa = PBXGroup;
			children = (
				3BF467F02BADFF2E00184505 /* App */,
				3BF467E62BAD8CC000184505 /* Assets.xcassets */,
				3BF467F62BADFF6400184505 /* Core */,
				3BF467F72BADFF7300184505 /* Extensions */,
				3BF467F92BADFF9100184505 /* Model */,
				3BF467E82BAD8CC000184505 /* Preview Content */,
				3BF467FA2BADFF9B00184505 /* Services */,
				3BF467F82BADFF8400184505 /* Utils */,
				3BDE950D2BB9FCDF005DDD6A /* GoogleService-Info.plist */,
			);
			path = ThreadsClone;
			sourceTree = "<group>";
		};
		3BF467E82BAD8CC000184505 /* Preview Content */ = {
			isa = PBXGroup;
			children = (
				3BF467E92BAD8CC000184505 /* Preview Assets.xcassets */,
			);
			path = "Preview Content";
			sourceTree = "<group>";
		};
		3BF467F02BADFF2E00184505 /* App */ = {
			isa = PBXGroup;
			children = (
				3BF467E22BAD8CBF00184505 /* ThreadsCloneApp.swift */,
			);
			path = App;
			sourceTree = "<group>";
		};
		3BF467F62BADFF6400184505 /* Core */ = {
			isa = PBXGroup;
			children = (
				3BF468142BAF34D500184505 /* Activity */,
				3BF467FB2BAE056800184505 /* Authentication */,
				3BFF9DE22BB0A8FF00AC007F /* Components */,
				3BF4680C2BAF345900184505 /* Explore */,
				3BF468082BAF33E400184505 /* Feed */,
				3BF468182BAF34FB00184505 /* Profile */,
				3BF467FC2BAE057400184505 /* Root */,
				3BF468052BAF2C8100184505 /* TabBar */,
				3BF468102BAF349A00184505 /* ThreadCreation */,
				3B92A1262C3459F9007F29FC /* ThreadDetails */,
				3B92A1172C3344F0007F29FC /* ThreadReplies */,
			);
			path = Core;
			sourceTree = "<group>";
		};
		3BF467F72BADFF7300184505 /* Extensions */ = {
			isa = PBXGroup;
			children = (
				3B3C0E402C2C87BC0016CA66 /* PreviewProvider.swift */,
				3B92A1082C32A247007F29FC /* Timestamp.swift */,
				3B92A11C2C33552F007F29FC /* String.swift */,
			);
			path = Extensions;
			sourceTree = "<group>";
		};
		3BF467F82BADFF8400184505 /* Utils */ = {
			isa = PBXGroup;
			children = (
				3BF468022BAF24BA00184505 /* ViewModifiers */,
				3B92A1152C32E43B007F29FC /* Constants.swift */,
			);
			path = Utils;
			sourceTree = "<group>";
		};
		3BF467F92BADFF9100184505 /* Model */ = {
			isa = PBXGroup;
			children = (
				3B3C0E362C2AACD50016CA66 /* User.swift */,
				3B92A0FA2C3192A6007F29FC /* Thread.swift */,
			);
			path = Model;
			sourceTree = "<group>";
		};
		3BF467FA2BADFF9B00184505 /* Services */ = {
			isa = PBXGroup;
			children = (
				3B3C0E382C2AB3940016CA66 /* UserService.swift */,
				3B3C0E4F2C3043CA0016CA66 /* ImageUploader.swift */,
				3B92A0FF2C3198CF007F29FC /* ThreadService.swift */,
			);
			path = Services;
			sourceTree = "<group>";
		};
		3BF467FB2BAE056800184505 /* Authentication */ = {
			isa = PBXGroup;
			children = (
				3BDE95192BBA1569005DDD6A /* Service */,
				3BF467FD2BAE059E00184505 /* Views */,
				3BDE95182BBA155D005DDD6A /* ViewModel */,
			);
			path = Authentication;
			sourceTree = "<group>";
		};
		3BF467FC2BAE057400184505 /* Root */ = {
			isa = PBXGroup;
			children = (
				3BDE951E2BBA74A7005DDD6A /* View */,
				3BDE951F2BBA74AE005DDD6A /* ViewModel */,
			);
			path = Root;
			sourceTree = "<group>";
		};
		3BF467FD2BAE059E00184505 /* Views */ = {
			isa = PBXGroup;
			children = (
				3BF467FE2BAE05B700184505 /* LoginView.swift */,
				3BF468002BAF1FA400184505 /* RegistrationView.swift */,
			);
			path = Views;
			sourceTree = "<group>";
		};
		3BF468022BAF24BA00184505 /* ViewModifiers */ = {
			isa = PBXGroup;
			children = (
				3BF468032BAF24DB00184505 /* ThreadsTextFieldModifier.swift */,
			);
			path = ViewModifiers;
			sourceTree = "<group>";
		};
		3BF468052BAF2C8100184505 /* TabBar */ = {
			isa = PBXGroup;
			children = (
				3BF468062BAF2CBB00184505 /* ThreadsTabView.swift */,
			);
			path = TabBar;
			sourceTree = "<group>";
		};
		3BF468082BAF33E400184505 /* Feed */ = {
			isa = PBXGroup;
			children = (
				3BF468092BAF33EB00184505 /* View */,
				3B92A1012C31AD4B007F29FC /* ViewModel */,
			);
			path = Feed;
			sourceTree = "<group>";
		};
		3BF468092BAF33EB00184505 /* View */ = {
			isa = PBXGroup;
			children = (
				3BF4680A2BAF33F800184505 /* FeedView.swift */,
			);
			path = View;
			sourceTree = "<group>";
		};
		3BF4680C2BAF345900184505 /* Explore */ = {
			isa = PBXGroup;
			children = (
				3BF4680D2BAF345F00184505 /* View */,
				3B3C0E3D2C2C83910016CA66 /* ViewModel */,
			);
			path = Explore;
			sourceTree = "<group>";
		};
		3BF4680D2BAF345F00184505 /* View */ = {
			isa = PBXGroup;
			children = (
				3BF4680E2BAF346D00184505 /* ExploreView.swift */,
			);
			path = View;
			sourceTree = "<group>";
		};
		3BF468102BAF349A00184505 /* ThreadCreation */ = {
			isa = PBXGroup;
			children = (
				3BF468112BAF34A700184505 /* View */,
				3B92A0FC2C3196E7007F29FC /* ViewModel */,
			);
			path = ThreadCreation;
			sourceTree = "<group>";
		};
		3BF468112BAF34A700184505 /* View */ = {
			isa = PBXGroup;
			children = (
				3BF468122BAF34B200184505 /* CreateThreadView.swift */,
			);
			path = View;
			sourceTree = "<group>";
		};
		3BF468142BAF34D500184505 /* Activity */ = {
			isa = PBXGroup;
			children = (
				3BF468152BAF34DB00184505 /* View */,
			);
			path = Activity;
			sourceTree = "<group>";
		};
		3BF468152BAF34DB00184505 /* View */ = {
			isa = PBXGroup;
			children = (
				3BF468162BAF34EC00184505 /* ActivityView.swift */,
			);
			path = View;
			sourceTree = "<group>";
		};
		3BF468182BAF34FB00184505 /* Profile */ = {
			isa = PBXGroup;
			children = (
				3B3C0E472C2C94A70016CA66 /* Components */,
				3B3C0E422C2C908E0016CA66 /* CurrentUserProfile */,
				3BFF9DEA2BB173A900AC007F /* EditProfile */,
				3BF468192BAF350200184505 /* UserProfile */,
				3BFF9DE72BB15F0500AC007F /* Model */,
			);
			path = Profile;
			sourceTree = "<group>";
		};
		3BF468192BAF350200184505 /* UserProfile */ = {
			isa = PBXGroup;
			children = (
				3BF4681A2BAF350A00184505 /* ProfileView.swift */,
			);
			path = UserProfile;
			sourceTree = "<group>";
		};
		3BFF9DE22BB0A8FF00AC007F /* Components */ = {
			isa = PBXGroup;
			children = (
				3B92A10B2C32BFFC007F29FC /* Users */,
				3B92A10A2C32BFF2007F29FC /* Threads */,
			);
			path = Components;
			sourceTree = "<group>";
		};
		3BFF9DE72BB15F0500AC007F /* Model */ = {
			isa = PBXGroup;
			children = (
				3BFF9DE82BB15F2B00AC007F /* ProfileThreadFilter.swift */,
			);
			path = Model;
			sourceTree = "<group>";
		};
		3BFF9DEA2BB173A900AC007F /* EditProfile */ = {
			isa = PBXGroup;
			children = (
				3BFF9DEB2BB173BB00AC007F /* View */,
				3B3C0E4C2C2F23D30016CA66 /* ViewModel */,
			);
			path = EditProfile;
			sourceTree = "<group>";
		};
		3BFF9DEB2BB173BB00AC007F /* View */ = {
			isa = PBXGroup;
			children = (
				3BFF9DEC2BB173D000AC007F /* EditProfileView.swift */,
			);
			path = View;
			sourceTree = "<group>";
		};
		AA44E3E11CCCA1E086C37A7B /* Pods */ = {
			isa = PBXGroup;
			children = (
				33AFF784C5DBF3FF01904A40 /* Pods-ThreadsClone.debug.xcconfig */,
				D07D199BE413FF75DC0A7611 /* Pods-ThreadsClone.release.xcconfig */,
			);
			path = Pods;
			sourceTree = "<group>";
		};
		E4F931EF7F58D2D0A1F0EF41 /* Frameworks */ = {
			isa = PBXGroup;
			children = (
				3B92A1122C32CECB007F29FC /* CoreAudioTypes.framework */,
				EC2184E0584BF6ACE0B6B596 /* Pods_ThreadsClone.framework */,
			);
			name = Frameworks;
			sourceTree = "<group>";
		};
/* End PBXGroup section */

/* Begin PBXNativeTarget section */
		3BF467DE2BAD8CBF00184505 /* ThreadsClone */ = {
			isa = PBXNativeTarget;
			buildConfigurationList = 3BF467ED2BAD8CC000184505 /* Build configuration list for PBXNativeTarget "ThreadsClone" */;
			buildPhases = (
				F44BCCDFB8B701F1661ED76D /* [CP] Check Pods Manifest.lock */,
				3BF467DB2BAD8CBF00184505 /* Sources */,
				3BF467DC2BAD8CBF00184505 /* Frameworks */,
				3BF467DD2BAD8CBF00184505 /* Resources */,
				3250680559DF16BD131EB826 /* [CP] Embed Pods Frameworks */,
			);
			buildRules = (
			);
			dependencies = (
			);
			name = ThreadsClone;
			packageProductDependencies = (
				3BDE95102BB9FE9B005DDD6A /* FirebaseAuth */,
				3BDE95122BB9FE9B005DDD6A /* FirebaseFirestore */,
				3BDE95142BB9FE9B005DDD6A /* FirebaseFirestoreSwift */,
				3BDE95162BB9FE9B005DDD6A /* FirebaseStorage */,
			);
			productName = ThreadsClone;
			productReference = 3BF467DF2BAD8CBF00184505 /* ThreadsClone.app */;
			productType = "com.apple.product-type.application";
		};
/* End PBXNativeTarget section */

/* Begin PBXProject section */
		3BF467D72BAD8CBF00184505 /* Project object */ = {
			isa = PBXProject;
			attributes = {
				BuildIndependentTargetsInParallel = 1;
				LastSwiftUpdateCheck = 1530;
				LastUpgradeCheck = 1530;
				TargetAttributes = {
					3BF467DE2BAD8CBF00184505 = {
						CreatedOnToolsVersion = 15.3;
					};
				};
			};
			buildConfigurationList = 3BF467DA2BAD8CBF00184505 /* Build configuration list for PBXProject "ThreadsClone" */;
			compatibilityVersion = "Xcode 14.0";
			developmentRegion = en;
			hasScannedForEncodings = 0;
			knownRegions = (
				en,
				Base,
			);
			mainGroup = 3BF467D62BAD8CBF00184505;
			packageReferences = (
				3BDE950F2BB9FE9B005DDD6A /* XCRemoteSwiftPackageReference "firebase-ios-sdk" */,
			);
			productRefGroup = 3BF467E02BAD8CBF00184505 /* Products */;
			projectDirPath = "";
			projectRoot = "";
			targets = (
				3BF467DE2BAD8CBF00184505 /* ThreadsClone */,
			);
		};
/* End PBXProject section */

/* Begin PBXResourcesBuildPhase section */
		3BF467DD2BAD8CBF00184505 /* Resources */ = {
			isa = PBXResourcesBuildPhase;
			buildActionMask = 2147483647;
			files = (
				3BF467EA2BAD8CC000184505 /* Preview Assets.xcassets in Resources */,
				3BF467E72BAD8CC000184505 /* Assets.xcassets in Resources */,
				3BDE950E2BB9FCDF005DDD6A /* GoogleService-Info.plist in Resources */,
			);
			runOnlyForDeploymentPostprocessing = 0;
		};
/* End PBXResourcesBuildPhase section */

/* Begin PBXShellScriptBuildPhase section */
		3250680559DF16BD131EB826 /* [CP] Embed Pods Frameworks */ = {
			isa = PBXShellScriptBuildPhase;
			buildActionMask = 2147483647;
			files = (
			);
			inputFileListPaths = (
				"${PODS_ROOT}/Target Support Files/Pods-ThreadsClone/Pods-ThreadsClone-frameworks-${CONFIGURATION}-input-files.xcfilelist",
			);
			name = "[CP] Embed Pods Frameworks";
			outputFileListPaths = (
				"${PODS_ROOT}/Target Support Files/Pods-ThreadsClone/Pods-ThreadsClone-frameworks-${CONFIGURATION}-output-files.xcfilelist",
			);
			runOnlyForDeploymentPostprocessing = 0;
			shellPath = /bin/sh;
			shellScript = "\"${PODS_ROOT}/Target Support Files/Pods-ThreadsClone/Pods-ThreadsClone-frameworks.sh\"\n";
			showEnvVarsInLog = 0;
		};
		F44BCCDFB8B701F1661ED76D /* [CP] Check Pods Manifest.lock */ = {
			isa = PBXShellScriptBuildPhase;
			buildActionMask = 2147483647;
			files = (
			);
			inputFileListPaths = (
			);
			inputPaths = (
				"${PODS_PODFILE_DIR_PATH}/Podfile.lock",
				"${PODS_ROOT}/Manifest.lock",
			);
			name = "[CP] Check Pods Manifest.lock";
			outputFileListPaths = (
			);
			outputPaths = (
				"$(DERIVED_FILE_DIR)/Pods-ThreadsClone-checkManifestLockResult.txt",
			);
			runOnlyForDeploymentPostprocessing = 0;
			shellPath = /bin/sh;
			shellScript = "diff \"${PODS_PODFILE_DIR_PATH}/Podfile.lock\" \"${PODS_ROOT}/Manifest.lock\" > /dev/null\nif [ $? != 0 ] ; then\n    # print error to STDERR\n    echo \"error: The sandbox is not in sync with the Podfile.lock. Run 'pod install' or update your CocoaPods installation.\" >&2\n    exit 1\nfi\n# This output is used by Xcode 'outputs' to avoid re-running this script phase.\necho \"SUCCESS\" > \"${SCRIPT_OUTPUT_FILE_0}\"\n";
			showEnvVarsInLog = 0;
		};
/* End PBXShellScriptBuildPhase section */

/* Begin PBXSourcesBuildPhase section */
		3BF467DB2BAD8CBF00184505 /* Sources */ = {
			isa = PBXSourcesBuildPhase;
			buildActionMask = 2147483647;
			files = (
				3B92A1112C32C38D007F29FC /* ContentActionButtonsViewModel.swift in Sources */,
				3BF4680B2BAF33F800184505 /* FeedView.swift in Sources */,
				3B92A11D2C33552F007F29FC /* String.swift in Sources */,
				3B92A0FB2C3192A6007F29FC /* Thread.swift in Sources */,
				3BDE951B2BBA1599005DDD6A /* RegistrationViewModel.swift in Sources */,
				3BF467FF2BAE05B700184505 /* LoginView.swift in Sources */,
				3BDE951D2BBA1714005DDD6A /* AuthService.swift in Sources */,
				3B92A12E2C346633007F29FC /* ThreadReplyCell.swift in Sources */,
				3B3C0E412C2C87BC0016CA66 /* PreviewProvider.swift in Sources */,
				3B92A10D2C32C044007F29FC /* ContentActionButtonsView.swift in Sources */,
				3B92A1092C32A247007F29FC /* Timestamp.swift in Sources */,
				3B92A1202C335DD4007F29FC /* ThreadReply.swift in Sources */,
				3B3C0E4E2C2F23E70016CA66 /* EditProfileViewModel.swift in Sources */,
				3BFF9DED2BB173D000AC007F /* EditProfileView.swift in Sources */,
				3B92A12C2C346209007F29FC /* ThreadDetailsViewModel.swift in Sources */,
				3BF467E52BAD8CBF00184505 /* ContentView.swift in Sources */,
				3B3C0E392C2AB3940016CA66 /* UserService.swift in Sources */,
				3BF4681D2BAF471B00184505 /* ThreadCell.swift in Sources */,
				3B3C0E4B2C2C98BC0016CA66 /* UserContentListView.swift in Sources */,
				3BF468172BAF34EC00184505 /* ActivityView.swift in Sources */,
				3BDE95232BBA7CE0005DDD6A /* LoginViewModel.swift in Sources */,
				3B92A1072C321C70007F29FC /* UserContentListViewModel.swift in Sources */,
				3B92A0FE2C3196FE007F29FC /* CreateThreadViewModel.swift in Sources */,
				3BFF9DE42BB0A92500AC007F /* CircularProfileImageView.swift in Sources */,
				3B92A1162C32E43B007F29FC /* Constants.swift in Sources */,
				3BFF9DE62BB0AAA000AC007F /* UserCell.swift in Sources */,
				3B3C0E3F2C2C83CB0016CA66 /* ExploreViewModel.swift in Sources */,
				3B92A1032C31AD5A007F29FC /* FeedViewModel.swift in Sources */,
				3BF468132BAF34B200184505 /* CreateThreadView.swift in Sources */,
				3B3C0E502C3043CA0016CA66 /* ImageUploader.swift in Sources */,
				3BFF9DE92BB15F2B00AC007F /* ProfileThreadFilter.swift in Sources */,
				3BDE95212BBA74E5005DDD6A /* ContentViewModel.swift in Sources */,
				3B3C0E3C2C2AB5BC0016CA66 /* CurrentUserProfileViewModel.swift in Sources */,
				3BF468072BAF2CBB00184505 /* ThreadsTabView.swift in Sources */,
				3B3C0E452C2C90C10016CA66 /* CurrentUserProfileView.swift in Sources */,
				3BF468042BAF24DB00184505 /* ThreadsTextFieldModifier.swift in Sources */,
				3B92A1232C3362AD007F29FC /* ThreadReplyService.swift in Sources */,
				3BF467E32BAD8CBF00184505 /* ThreadsCloneApp.swift in Sources */,
				3B3C0E492C2C94BE0016CA66 /* ProfileHeaderView.swift in Sources */,
				3BF4680F2BAF346D00184505 /* ExploreView.swift in Sources */,
				3B92A12A2C345A24007F29FC /* ThreadDetailsView.swift in Sources */,
				3BF4681B2BAF350A00184505 /* ProfileView.swift in Sources */,
				3BF468012BAF1FA400184505 /* RegistrationView.swift in Sources */,
				3B3C0E372C2AACD50016CA66 /* User.swift in Sources */,
				3B92A1302C346C51007F29FC /* ThreadReplyProfileCell.swift in Sources */,
				3B92A1252C336430007F29FC /* ThreadReplyViewModel.swift in Sources */,
				3B92A1002C3198CF007F29FC /* ThreadService.swift in Sources */,
				3B92A11B2C33453B007F29FC /* ThreadReplyView.swift in Sources */,
			);
			runOnlyForDeploymentPostprocessing = 0;
		};
/* End PBXSourcesBuildPhase section */

/* Begin XCBuildConfiguration section */
		3BF467EB2BAD8CC000184505 /* Debug */ = {
			isa = XCBuildConfiguration;
			buildSettings = {
				ALWAYS_SEARCH_USER_PATHS = NO;
				ASSETCATALOG_COMPILER_GENERATE_SWIFT_ASSET_SYMBOL_EXTENSIONS = YES;
				CLANG_ANALYZER_NONNULL = YES;
				CLANG_ANALYZER_NUMBER_OBJECT_CONVERSION = YES_AGGRESSIVE;
				CLANG_CXX_LANGUAGE_STANDARD = "gnu++20";
				CLANG_ENABLE_MODULES = YES;
				CLANG_ENABLE_OBJC_ARC = YES;
				CLANG_ENABLE_OBJC_WEAK = YES;
				CLANG_WARN_BLOCK_CAPTURE_AUTORELEASING = YES;
				CLANG_WARN_BOOL_CONVERSION = YES;
				CLANG_WARN_COMMA = YES;
				CLANG_WARN_CONSTANT_CONVERSION = YES;
				CLANG_WARN_DEPRECATED_OBJC_IMPLEMENTATIONS = YES;
				CLANG_WARN_DIRECT_OBJC_ISA_USAGE = YES_ERROR;
				CLANG_WARN_DOCUMENTATION_COMMENTS = YES;
				CLANG_WARN_EMPTY_BODY = YES;
				CLANG_WARN_ENUM_CONVERSION = YES;
				CLANG_WARN_INFINITE_RECURSION = YES;
				CLANG_WARN_INT_CONVERSION = YES;
				CLANG_WARN_NON_LITERAL_NULL_CONVERSION = YES;
				CLANG_WARN_OBJC_IMPLICIT_RETAIN_SELF = YES;
				CLANG_WARN_OBJC_LITERAL_CONVERSION = YES;
				CLANG_WARN_OBJC_ROOT_CLASS = YES_ERROR;
				CLANG_WARN_QUOTED_INCLUDE_IN_FRAMEWORK_HEADER = YES;
				CLANG_WARN_RANGE_LOOP_ANALYSIS = YES;
				CLANG_WARN_STRICT_PROTOTYPES = YES;
				CLANG_WARN_SUSPICIOUS_MOVE = YES;
				CLANG_WARN_UNGUARDED_AVAILABILITY = YES_AGGRESSIVE;
				CLANG_WARN_UNREACHABLE_CODE = YES;
				CLANG_WARN__DUPLICATE_METHOD_MATCH = YES;
				COPY_PHASE_STRIP = NO;
				DEBUG_INFORMATION_FORMAT = dwarf;
				ENABLE_STRICT_OBJC_MSGSEND = YES;
				ENABLE_TESTABILITY = YES;
				ENABLE_USER_SCRIPT_SANDBOXING = YES;
				GCC_C_LANGUAGE_STANDARD = gnu17;
				GCC_DYNAMIC_NO_PIC = NO;
				GCC_NO_COMMON_BLOCKS = YES;
				GCC_OPTIMIZATION_LEVEL = 0;
				GCC_PREPROCESSOR_DEFINITIONS = (
					"DEBUG=1",
					"$(inherited)",
				);
				GCC_WARN_64_TO_32_BIT_CONVERSION = YES;
				GCC_WARN_ABOUT_RETURN_TYPE = YES_ERROR;
				GCC_WARN_UNDECLARED_SELECTOR = YES;
				GCC_WARN_UNINITIALIZED_AUTOS = YES_AGGRESSIVE;
				GCC_WARN_UNUSED_FUNCTION = YES;
				GCC_WARN_UNUSED_VARIABLE = YES;
				IPHONEOS_DEPLOYMENT_TARGET = 17.4;
				LOCALIZATION_PREFERS_STRING_CATALOGS = YES;
				MTL_ENABLE_DEBUG_INFO = INCLUDE_SOURCE;
				MTL_FAST_MATH = YES;
				ONLY_ACTIVE_ARCH = YES;
				SDKROOT = iphoneos;
				SWIFT_ACTIVE_COMPILATION_CONDITIONS = "DEBUG $(inherited)";
				SWIFT_OPTIMIZATION_LEVEL = "-Onone";
			};
			name = Debug;
		};
		3BF467EC2BAD8CC000184505 /* Release */ = {
			isa = XCBuildConfiguration;
			buildSettings = {
				ALWAYS_SEARCH_USER_PATHS = NO;
				ASSETCATALOG_COMPILER_GENERATE_SWIFT_ASSET_SYMBOL_EXTENSIONS = YES;
				CLANG_ANALYZER_NONNULL = YES;
				CLANG_ANALYZER_NUMBER_OBJECT_CONVERSION = YES_AGGRESSIVE;
				CLANG_CXX_LANGUAGE_STANDARD = "gnu++20";
				CLANG_ENABLE_MODULES = YES;
				CLANG_ENABLE_OBJC_ARC = YES;
				CLANG_ENABLE_OBJC_WEAK = YES;
				CLANG_WARN_BLOCK_CAPTURE_AUTORELEASING = YES;
				CLANG_WARN_BOOL_CONVERSION = YES;
				CLANG_WARN_COMMA = YES;
				CLANG_WARN_CONSTANT_CONVERSION = YES;
				CLANG_WARN_DEPRECATED_OBJC_IMPLEMENTATIONS = YES;
				CLANG_WARN_DIRECT_OBJC_ISA_USAGE = YES_ERROR;
				CLANG_WARN_DOCUMENTATION_COMMENTS = YES;
				CLANG_WARN_EMPTY_BODY = YES;
				CLANG_WARN_ENUM_CONVERSION = YES;
				CLANG_WARN_INFINITE_RECURSION = YES;
				CLANG_WARN_INT_CONVERSION = YES;
				CLANG_WARN_NON_LITERAL_NULL_CONVERSION = YES;
				CLANG_WARN_OBJC_IMPLICIT_RETAIN_SELF = YES;
				CLANG_WARN_OBJC_LITERAL_CONVERSION = YES;
				CLANG_WARN_OBJC_ROOT_CLASS = YES_ERROR;
				CLANG_WARN_QUOTED_INCLUDE_IN_FRAMEWORK_HEADER = YES;
				CLANG_WARN_RANGE_LOOP_ANALYSIS = YES;
				CLANG_WARN_STRICT_PROTOTYPES = YES;
				CLANG_WARN_SUSPICIOUS_MOVE = YES;
				CLANG_WARN_UNGUARDED_AVAILABILITY = YES_AGGRESSIVE;
				CLANG_WARN_UNREACHABLE_CODE = YES;
				CLANG_WARN__DUPLICATE_METHOD_MATCH = YES;
				COPY_PHASE_STRIP = NO;
				DEBUG_INFORMATION_FORMAT = "dwarf-with-dsym";
				ENABLE_NS_ASSERTIONS = NO;
				ENABLE_STRICT_OBJC_MSGSEND = YES;
				ENABLE_USER_SCRIPT_SANDBOXING = YES;
				GCC_C_LANGUAGE_STANDARD = gnu17;
				GCC_NO_COMMON_BLOCKS = YES;
				GCC_WARN_64_TO_32_BIT_CONVERSION = YES;
				GCC_WARN_ABOUT_RETURN_TYPE = YES_ERROR;
				GCC_WARN_UNDECLARED_SELECTOR = YES;
				GCC_WARN_UNINITIALIZED_AUTOS = YES_AGGRESSIVE;
				GCC_WARN_UNUSED_FUNCTION = YES;
				GCC_WARN_UNUSED_VARIABLE = YES;
				IPHONEOS_DEPLOYMENT_TARGET = 17.4;
				LOCALIZATION_PREFERS_STRING_CATALOGS = YES;
				MTL_ENABLE_DEBUG_INFO = NO;
				MTL_FAST_MATH = YES;
				SDKROOT = iphoneos;
				SWIFT_COMPILATION_MODE = wholemodule;
				VALIDATE_PRODUCT = YES;
			};
			name = Release;
		};
		3BF467EE2BAD8CC000184505 /* Debug */ = {
			isa = XCBuildConfiguration;
			baseConfigurationReference = 33AFF784C5DBF3FF01904A40 /* Pods-ThreadsClone.debug.xcconfig */;
			buildSettings = {
				ASSETCATALOG_COMPILER_APPICON_NAME = AppIcon;
				ASSETCATALOG_COMPILER_GLOBAL_ACCENT_COLOR_NAME = AccentColor;
				CODE_SIGN_STYLE = Automatic;
				CURRENT_PROJECT_VERSION = 1;
				DEVELOPMENT_ASSET_PATHS = "\"ThreadsClone/Preview Content\"";
				DEVELOPMENT_TEAM = NGA2X6V298;
				ENABLE_PREVIEWS = YES;
				ENABLE_USER_SCRIPT_SANDBOXING = NO;
				GENERATE_INFOPLIST_FILE = YES;
				INFOPLIST_KEY_UIApplicationSceneManifest_Generation = YES;
				INFOPLIST_KEY_UIApplicationSupportsIndirectInputEvents = YES;
				INFOPLIST_KEY_UILaunchScreen_Generation = YES;
				INFOPLIST_KEY_UISupportedInterfaceOrientations_iPad = "UIInterfaceOrientationPortrait UIInterfaceOrientationPortraitUpsideDown UIInterfaceOrientationLandscapeLeft UIInterfaceOrientationLandscapeRight";
				INFOPLIST_KEY_UISupportedInterfaceOrientations_iPhone = "UIInterfaceOrientationPortrait UIInterfaceOrientationLandscapeLeft UIInterfaceOrientationLandscapeRight";
				LD_RUNPATH_SEARCH_PATHS = (
					"$(inherited)",
					"@executable_path/Frameworks",
				);
				MARKETING_VERSION = 1.0;
				PRODUCT_BUNDLE_IDENTIFIER = com.dodinoyo.ThreadsClone;
				PRODUCT_NAME = "$(TARGET_NAME)";
				SWIFT_EMIT_LOC_STRINGS = YES;
				SWIFT_VERSION = 5.0;
				TARGETED_DEVICE_FAMILY = "1,2";
			};
			name = Debug;
		};
		3BF467EF2BAD8CC000184505 /* Release */ = {
			isa = XCBuildConfiguration;
			baseConfigurationReference = D07D199BE413FF75DC0A7611 /* Pods-ThreadsClone.release.xcconfig */;
			buildSettings = {
				ASSETCATALOG_COMPILER_APPICON_NAME = AppIcon;
				ASSETCATALOG_COMPILER_GLOBAL_ACCENT_COLOR_NAME = AccentColor;
				CODE_SIGN_STYLE = Automatic;
				CURRENT_PROJECT_VERSION = 1;
				DEVELOPMENT_ASSET_PATHS = "\"ThreadsClone/Preview Content\"";
				DEVELOPMENT_TEAM = NGA2X6V298;
				ENABLE_PREVIEWS = YES;
				ENABLE_USER_SCRIPT_SANDBOXING = NO;
				GENERATE_INFOPLIST_FILE = YES;
				INFOPLIST_KEY_UIApplicationSceneManifest_Generation = YES;
				INFOPLIST_KEY_UIApplicationSupportsIndirectInputEvents = YES;
				INFOPLIST_KEY_UILaunchScreen_Generation = YES;
				INFOPLIST_KEY_UISupportedInterfaceOrientations_iPad = "UIInterfaceOrientationPortrait UIInterfaceOrientationPortraitUpsideDown UIInterfaceOrientationLandscapeLeft UIInterfaceOrientationLandscapeRight";
				INFOPLIST_KEY_UISupportedInterfaceOrientations_iPhone = "UIInterfaceOrientationPortrait UIInterfaceOrientationLandscapeLeft UIInterfaceOrientationLandscapeRight";
				LD_RUNPATH_SEARCH_PATHS = (
					"$(inherited)",
					"@executable_path/Frameworks",
				);
				MARKETING_VERSION = 1.0;
				PRODUCT_BUNDLE_IDENTIFIER = com.dodinoyo.ThreadsClone;
				PRODUCT_NAME = "$(TARGET_NAME)";
				SWIFT_EMIT_LOC_STRINGS = YES;
				SWIFT_VERSION = 5.0;
				TARGETED_DEVICE_FAMILY = "1,2";
			};
			name = Release;
		};
/* End XCBuildConfiguration section */

/* Begin XCConfigurationList section */
		3BF467DA2BAD8CBF00184505 /* Build configuration list for PBXProject "ThreadsClone" */ = {
			isa = XCConfigurationList;
			buildConfigurations = (
				3BF467EB2BAD8CC000184505 /* Debug */,
				3BF467EC2BAD8CC000184505 /* Release */,
			);
			defaultConfigurationIsVisible = 0;
			defaultConfigurationName = Release;
		};
		3BF467ED2BAD8CC000184505 /* Build configuration list for PBXNativeTarget "ThreadsClone" */ = {
			isa = XCConfigurationList;
			buildConfigurations = (
				3BF467EE2BAD8CC000184505 /* Debug */,
				3BF467EF2BAD8CC000184505 /* Release */,
			);
			defaultConfigurationIsVisible = 0;
			defaultConfigurationName = Release;
		};
/* End XCConfigurationList section */

/* Begin XCRemoteSwiftPackageReference section */
		3BDE950F2BB9FE9B005DDD6A /* XCRemoteSwiftPackageReference "firebase-ios-sdk" */ = {
			isa = XCRemoteSwiftPackageReference;
			repositoryURL = "https://github.com/firebase/firebase-ios-sdk";
			requirement = {
				kind = upToNextMajorVersion;
				minimumVersion = 10.23.1;
			};
		};
/* End XCRemoteSwiftPackageReference section */

/* Begin XCSwiftPackageProductDependency section */
		3BDE95102BB9FE9B005DDD6A /* FirebaseAuth */ = {
			isa = XCSwiftPackageProductDependency;
			package = 3BDE950F2BB9FE9B005DDD6A /* XCRemoteSwiftPackageReference "firebase-ios-sdk" */;
			productName = FirebaseAuth;
		};
		3BDE95122BB9FE9B005DDD6A /* FirebaseFirestore */ = {
			isa = XCSwiftPackageProductDependency;
			package = 3BDE950F2BB9FE9B005DDD6A /* XCRemoteSwiftPackageReference "firebase-ios-sdk" */;
			productName = FirebaseFirestore;
		};
		3BDE95142BB9FE9B005DDD6A /* FirebaseFirestoreSwift */ = {
			isa = XCSwiftPackageProductDependency;
			package = 3BDE950F2BB9FE9B005DDD6A /* XCRemoteSwiftPackageReference "firebase-ios-sdk" */;
			productName = FirebaseFirestoreSwift;
		};
		3BDE95162BB9FE9B005DDD6A /* FirebaseStorage */ = {
			isa = XCSwiftPackageProductDependency;
			package = 3BDE950F2BB9FE9B005DDD6A /* XCRemoteSwiftPackageReference "firebase-ios-sdk" */;
			productName = FirebaseStorage;
		};
/* End XCSwiftPackageProductDependency section */
	};
	rootObject = 3BF467D72BAD8CBF00184505 /* Project object */;
}
